
Microsoft Visual Studio Solution File, Format Version 12.00
# Visual Studio 15
VisualStudioVersion = 15.0.26124.0
MinimumVisualStudioVersion = 15.0.26124.0
Project("{FAE04EC0-301F-11D3-BF4B-00C04F79EFBC}") = "LashedByCara.ConsoleApp", "LashedByCara.ConsoleApp\LashedByCara.ConsoleApp.csproj", "{4D39D1D1-6BDB-4147-8DF1-291F3705699C}"
EndProject
Project("{FAE04EC0-301F-11D3-BF4B-00C04F79EFBC}") = "LashedByCara.Library", "LashedByCara.Library\LashedByCara.Library.csproj", "{66BEBC7F-CF70-416C-B666-D1401E0AFDD7}"
EndProject
Project("{FAE04EC0-301F-11D3-BF4B-00C04F79EFBC}") = "LashedByCara.Data", "LashedByCara.Data\LashedByCara.Data.csproj", "{B7BE3772-869A-493C-8045-B85B8691530C}"
EndProject
Project("{FAE04EC0-301F-11D3-BF4B-00C04F79EFBC}") = "LashedByCara.Testing", "LashedByCara.Testing\LashedByCara.Testing.csproj", "{BE9B2ECC-74B5-4123-BA5E-B7A2ACE1A224}"
EndProject
Global
	GlobalSection(SolutionConfigurationPlatforms) = preSolution
		Debug|Any CPU = Debug|Any CPU
		Debug|x64 = Debug|x64
		Debug|x86 = Debug|x86
		Release|Any CPU = Release|Any CPU
		Release|x64 = Release|x64
		Release|x86 = Release|x86
	EndGlobalSection
	GlobalSection(SolutionProperties) = preSolution
		HideSolutionNode = FALSE
	EndGlobalSection
	GlobalSection(ProjectConfigurationPlatforms) = postSolution
		{4D39D1D1-6BDB-4147-8DF1-291F3705699C}.Debug|Any CPU.ActiveCfg = Debug|Any CPU
		{4D39D1D1-6BDB-4147-8DF1-291F3705699C}.Debug|Any CPU.Build.0 = Debug|Any CPU
		{4D39D1D1-6BDB-4147-8DF1-291F3705699C}.Debug|x64.ActiveCfg = Debug|Any CPU
		{4D39D1D1-6BDB-4147-8DF1-291F3705699C}.Debug|x64.Build.0 = Debug|Any CPU
		{4D39D1D1-6BDB-4147-8DF1-291F3705699C}.Debug|x86.ActiveCfg = Debug|Any CPU
		{4D39D1D1-6BDB-4147-8DF1-291F3705699C}.Debug|x86.Build.0 = Debug|Any CPU
		{4D39D1D1-6BDB-4147-8DF1-291F3705699C}.Release|Any CPU.ActiveCfg = Release|Any CPU
		{4D39D1D1-6BDB-4147-8DF1-291F3705699C}.Release|Any CPU.Build.0 = Release|Any CPU
		{4D39D1D1-6BDB-4147-8DF1-291F3705699C}.Release|x64.ActiveCfg = Release|Any CPU
		{4D39D1D1-6BDB-4147-8DF1-291F3705699C}.Release|x64.Build.0 = Release|Any CPU
		{4D39D1D1-6BDB-4147-8DF1-291F3705699C}.Release|x86.ActiveCfg = Release|Any CPU
		{4D39D1D1-6BDB-4147-8DF1-291F3705699C}.Release|x86.Build.0 = Release|Any CPU
		{66BEBC7F-CF70-416C-B666-D1401E0AFDD7}.Debug|Any CPU.ActiveCfg = Debug|Any CPU
		{66BEBC7F-CF70-416C-B666-D1401E0AFDD7}.Debug|Any CPU.Build.0 = Debug|Any CPU
		{66BEBC7F-CF70-416C-B666-D1401E0AFDD7}.Debug|x64.ActiveCfg = Debug|Any CPU
		{66BEBC7F-CF70-416C-B666-D1401E0AFDD7}.Debug|x64.Build.0 = Debug|Any CPU
		{66BEBC7F-CF70-416C-B666-D1401E0AFDD7}.Debug|x86.ActiveCfg = Debug|Any CPU
		{66BEBC7F-CF70-416C-B666-D1401E0AFDD7}.Debug|x86.Build.0 = Debug|Any CPU
		{66BEBC7F-CF70-416C-B666-D1401E0AFDD7}.Release|Any CPU.ActiveCfg = Release|Any CPU
		{66BEBC7F-CF70-416C-B666-D1401E0AFDD7}.Release|Any CPU.Build.0 = Release|Any CPU
		{66BEBC7F-CF70-416C-B666-D1401E0AFDD7}.Release|x64.ActiveCfg = Release|Any CPU
		{66BEBC7F-CF70-416C-B666-D1401E0AFDD7}.Release|x64.Build.0 = Release|Any CPU
		{66BEBC7F-CF70-416C-B666-D1401E0AFDD7}.Release|x86.ActiveCfg = Release|Any CPU
		{66BEBC7F-CF70-416C-B666-D1401E0AFDD7}.Release|x86.Build.0 = Release|Any CPU
		{B7BE3772-869A-493C-8045-B85B8691530C}.Debug|Any CPU.ActiveCfg = Debug|Any CPU
		{B7BE3772-869A-493C-8045-B85B8691530C}.Debug|Any CPU.Build.0 = Debug|Any CPU
		{B7BE3772-869A-493C-8045-B85B8691530C}.Debug|x64.ActiveCfg = Debug|Any CPU
		{B7BE3772-869A-493C-8045-B85B8691530C}.Debug|x64.Build.0 = Debug|Any CPU
		{B7BE3772-869A-493C-8045-B85B8691530C}.Debug|x86.ActiveCfg = Debug|Any CPU
		{B7BE3772-869A-493C-8045-B85B8691530C}.Debug|x86.Build.0 = Debug|Any CPU
		{B7BE3772-869A-493C-8045-B85B8691530C}.Release|Any CPU.ActiveCfg = Release|Any CPU
		{B7BE3772-869A-493C-8045-B85B8691530C}.Release|Any CPU.Build.0 = Release|Any CPU
		{B7BE3772-869A-493C-8045-B85B8691530C}.Release|x64.ActiveCfg = Release|Any CPU
		{B7BE3772-869A-493C-8045-B85B8691530C}.Release|x64.Build.0 = Release|Any CPU
		{B7BE3772-869A-493C-8045-B85B8691530C}.Release|x86.ActiveCfg = Release|Any CPU
		{B7BE3772-869A-493C-8045-B85B8691530C}.Release|x86.Build.0 = Release|Any CPU
		{BE9B2ECC-74B5-4123-BA5E-B7A2ACE1A224}.Debug|Any CPU.ActiveCfg = Debug|Any CPU
		{BE9B2ECC-74B5-4123-BA5E-B7A2ACE1A224}.Debug|Any CPU.Build.0 = Debug|Any CPU
		{BE9B2ECC-74B5-4123-BA5E-B7A2ACE1A224}.Debug|x64.ActiveCfg = Debug|Any CPU
		{BE9B2ECC-74B5-4123-BA5E-B7A2ACE1A224}.Debug|x64.Build.0 = Debug|Any CPU
		{BE9B2ECC-74B5-4123-BA5E-B7A2ACE1A224}.Debug|x86.ActiveCfg = Debug|Any CPU
		{BE9B2ECC-74B5-4123-BA5E-B7A2ACE1A224}.Debug|x86.Build.0 = Debug|Any CPU
		{BE9B2ECC-74B5-4123-BA5E-B7A2ACE1A224}.Release|Any CPU.ActiveCfg = Release|Any CPU
		{BE9B2ECC-74B5-4123-BA5E-B7A2ACE1A224}.Release|Any CPU.Build.0 = Release|Any CPU
		{BE9B2ECC-74B5-4123-BA5E-B7A2ACE1A224}.Release|x64.ActiveCfg = Release|Any CPU
		{BE9B2ECC-74B5-4123-BA5E-B7A2ACE1A224}.Release|x64.Build.0 = Release|Any CPU
		{BE9B2ECC-74B5-4123-BA5E-B7A2ACE1A224}.Release|x86.ActiveCfg = Release|Any CPU
		{BE9B2ECC-74B5-4123-BA5E-B7A2ACE1A224}.Release|x86.Build.0 = Release|Any CPU
	EndGlobalSection
EndGlobal
